
Microsoft Visual Studio Solution File, Format Version 12.00
# Visual Studio Version 17
VisualStudioVersion = 17.6.33829.357
MinimumVisualStudioVersion = 10.0.40219.1
Project("{9A19103F-16F7-4668-BE54-9A1E7A4F7556}") = "TheTask", "TheTask.csproj", "{C13BF06A-D3FC-4E91-9153-BE02176CEACD}"
EndProject
Global
	GlobalSection(SolutionConfigurationPlatforms) = preSolution
		Debug|Any CPU = Debug|Any CPU
		Release|Any CPU = Release|Any CPU
	EndGlobalSection
	GlobalSection(ProjectConfigurationPlatforms) = postSolution
		{C13BF06A-D3FC-4E91-9153-BE02176CEACD}.Debug|Any CPU.ActiveCfg = Debug|Any CPU
		{C13BF06A-D3FC-4E91-9153-BE02176CEACD}.Debug|Any CPU.Build.0 = Debug|Any CPU
		{C13BF06A-D3FC-4E91-9153-BE02176CEACD}.Release|Any CPU.ActiveCfg = Release|Any CPU
		{C13BF06A-D3FC-4E91-9153-BE02176CEACD}.Release|Any CPU.Build.0 = Release|Any CPU
	EndGlobalSection
	GlobalSection(SolutionProperties) = preSolution
		HideSolutionNode = FALSE
	EndGlobalSection
	GlobalSection(ExtensibilityGlobals) = postSolution
		SolutionGuid = {C283BA9B-4EA3-4978-BB51-D578C11D7991}
	EndGlobalSection
EndGlobal
